
Microsoft Visual Studio Solution File, Format Version 12.00
# Visual Studio Version 17
VisualStudioVersion = 17.1.32210.238
MinimumVisualStudioVersion = 10.0.40219.1
Project("{8BC9CEB8-8B4A-11D0-8D11-00A0C91BC942}") = "Raytracing Render Engine", "Raytracing Render Engine.vcxproj", "{B726F65E-9B0E-43AA-95E3-5E6C1223C6D7}"
EndProject
Global
	GlobalSection(SolutionConfigurationPlatforms) = preSolution
		Debug|x64 = Debug|x64
		Debug|x86 = Debug|x86
		Release|x64 = Release|x64
		Release|x86 = Release|x86
	EndGlobalSection
	GlobalSection(ProjectConfigurationPlatforms) = postSolution
		{B726F65E-9B0E-43AA-95E3-5E6C1223C6D7}.Debug|x64.ActiveCfg = Debug|x64
		{B726F65E-9B0E-43AA-95E3-5E6C1223C6D7}.Debug|x64.Build.0 = Debug|x64
		{B726F65E-9B0E-43AA-95E3-5E6C1223C6D7}.Debug|x86.ActiveCfg = Debug|Win32
		{B726F65E-9B0E-43AA-95E3-5E6C1223C6D7}.Debug|x86.Build.0 = Debug|Win32
		{B726F65E-9B0E-43AA-95E3-5E6C1223C6D7}.Release|x64.ActiveCfg = Release|x64
		{B726F65E-9B0E-43AA-95E3-5E6C1223C6D7}.Release|x64.Build.0 = Release|x64
		{B726F65E-9B0E-43AA-95E3-5E6C1223C6D7}.Release|x86.ActiveCfg = Release|Win32
		{B726F65E-9B0E-43AA-95E3-5E6C1223C6D7}.Release|x86.Build.0 = Release|Win32
	EndGlobalSection
	GlobalSection(SolutionProperties) = preSolution
		HideSolutionNode = FALSE
	EndGlobalSection
	GlobalSection(ExtensibilityGlobals) = postSolution
		SolutionGuid = {9FA1C758-C519-41C4-9E7F-6E77DCC14582}
	EndGlobalSection
EndGlobal
