<?xml version="1.0" encoding="utf-8"?>
<Project ToolsVersion="4.0" xmlns="http://schemas.microsoft.com/developer/msbuild/2003">
  <ItemGroup>
    <Filter Include="Source Files">
      <UniqueIdentifier>{4FC737F1-C7A5-4376-A066-2A32D752A2FF}</UniqueIdentifier>
      <Extensions>cpp;c;cc;cxx;c++;cppm;ixx;def;odl;idl;hpj;bat;asm;asmx</Extensions>
    </Filter>
    <Filter Include="Header Files">
      <UniqueIdentifier>{93995380-89BD-4b04-88EB-625FBE52EBFB}</UniqueIdentifier>
      <Extensions>h;hh;hpp;hxx;h++;hm;inl;inc;ipp;xsd</Extensions>
    </Filter>
    <Filter Include="Resource Files">
      <UniqueIdentifier>{67DA6AB6-F800-4c08-8B7A-83BB121AAD01}</UniqueIdentifier>
      <Extensions>rc;ico;cur;bmp;dlg;rc2;rct;bin;rgs;gif;jpg;jpeg;jpe;resx;tiff;tif;png;wav;mfcribbon-ms</Extensions>
    </Filter>
  </ItemGroup>
  <ItemGroup>
    <ClCompile Include="Source.cpp">
      <Filter>Source Files</Filter>
    </ClCompile>
    <ClCompile Include="Resource Files\Color.cpp">
      <Filter>Resource Files</Filter>
    </ClCompile>
    <ClCompile Include="Resource Files\Image.cpp">
      <Filter>Resource Files</Filter>
    </ClCompile>
    <ClCompile Include="Resource Files\Light.cpp">
      <Filter>Resource Files</Filter>
    </ClCompile>
    <ClCompile Include="Resource Files\Material.cpp">
      <Filter>Resource Files</Filter>
    </ClCompile>
    <ClCompile Include="Resource Files\Object.cpp">
      <Filter>Resource Files</Filter>
    </ClCompile>
    <ClCompile Include="Resource Files\Ray.cpp">
      <Filter>Resource Files</Filter>
    </ClCompile>
    <ClCompile Include="Resource Files\RenderEngine.cpp">
      <Filter>Resource Files</Filter>
    </ClCompile>
    <ClCompile Include="Resource Files\Scene.cpp">
      <Filter>Resource Files</Filter>
    </ClCompile>
    <ClCompile Include="Resource Files\Vector3.cpp">
      <Filter>Resource Files</Filter>
    </ClCompile>
    <ClCompile Include="Resource Files\Utilities.cpp">
      <Filter>Resource Files</Filter>
    </ClCompile>
    <ClCompile Include="Resource Files\Camera.cpp">
      <Filter>Resource Files</Filter>
    </ClCompile>
  </ItemGroup>
  <ItemGroup>
    <ClInclude Include="Header Files\Color.h">
      <Filter>Header Files</Filter>
    </ClInclude>
    <ClInclude Include="Header Files\Image.h">
      <Filter>Header Files</Filter>
    </ClInclude>
    <ClInclude Include="Header Files\Light.h">
      <Filter>Header Files</Filter>
    </ClInclude>
    <ClInclude Include="Header Files\Material.h">
      <Filter>Header Files</Filter>
    </ClInclude>
    <ClInclude Include="Header Files\Object.h">
      <Filter>Header Files</Filter>
    </ClInclude>
    <ClInclude Include="Header Files\Ray.h">
      <Filter>Header Files</Filter>
    </ClInclude>
    <ClInclude Include="Header Files\RenderEngine.h">
      <Filter>Header Files</Filter>
    </ClInclude>
    <ClInclude Include="Header Files\Scene.h">
      <Filter>Header Files</Filter>
    </ClInclude>
    <ClInclude Include="Header Files\Vector3.h">
      <Filter>Header Files</Filter>
    </ClInclude>
    <ClInclude Include="Header Files\fileTypes.h">
      <Filter>Header Files</Filter>
    </ClInclude>
    <ClInclude Include="Header Files\Utilities.h">
      <Filter>Header Files</Filter>
    </ClInclude>
    <ClInclude Include="Header Files\Camera.h">
      <Filter>Header Files</Filter>
    </ClInclude>
  </ItemGroup>
</Project>